// !$*UTF8*$!
{
	archiveVersion = 1;
	classes = {
	};
	objectVersion = 50;
	objects = {

/* Begin PBXBuildFile section */
		F52046292550D6F20008C3F0 /* Spinning.swift in Sources */ = {isa = PBXBuildFile; fileRef = F52046282550D6F20008C3F0 /* Spinning.swift */; };
		F520462D2552064B0008C3F0 /* PaletteChooser.swift in Sources */ = {isa = PBXBuildFile; fileRef = F520462C2552064B0008C3F0 /* PaletteChooser.swift */; };
		F52046312552090F0008C3F0 /* EmojiArtDocumentPalette.swift in Sources */ = {isa = PBXBuildFile; fileRef = F52046302552090F0008C3F0 /* EmojiArtDocumentPalette.swift */; };
		F520463425535B140008C3F0 /* Grid.swift in Sources */ = {isa = PBXBuildFile; fileRef = F520463325535B140008C3F0 /* Grid.swift */; };
		F520463725535B1B0008C3F0 /* GridLayout.swift in Sources */ = {isa = PBXBuildFile; fileRef = F520463625535B1B0008C3F0 /* GridLayout.swift */; };
		F520463A255380D20008C3F0 /* EmojiArtDocumentStore.swift in Sources */ = {isa = PBXBuildFile; fileRef = F5204639255380D20008C3F0 /* EmojiArtDocumentStore.swift */; };
		F520463D2554B6530008C3F0 /* EmojiArtDocumentChooser.swift in Sources */ = {isa = PBXBuildFile; fileRef = F520463C2554B6530008C3F0 /* EmojiArtDocumentChooser.swift */; };
		F5423C38254DAF4D002AC915 /* AppDelegate.swift in Sources */ = {isa = PBXBuildFile; fileRef = F5423C37254DAF4D002AC915 /* AppDelegate.swift */; };
		F5423C3A254DAF4D002AC915 /* SceneDelegate.swift in Sources */ = {isa = PBXBuildFile; fileRef = F5423C39254DAF4D002AC915 /* SceneDelegate.swift */; };
		F5423C3C254DAF4D002AC915 /* EmojiArtDocumentView.swift in Sources */ = {isa = PBXBuildFile; fileRef = F5423C3B254DAF4D002AC915 /* EmojiArtDocumentView.swift */; };
		F5423C3E254DAF5A002AC915 /* Assets.xcassets in Resources */ = {isa = PBXBuildFile; fileRef = F5423C3D254DAF5A002AC915 /* Assets.xcassets */; };
		F5423C41254DAF5A002AC915 /* Preview Assets.xcassets in Resources */ = {isa = PBXBuildFile; fileRef = F5423C40254DAF5A002AC915 /* Preview Assets.xcassets */; };
		F5423C44254DAF5A002AC915 /* LaunchScreen.storyboard in Resources */ = {isa = PBXBuildFile; fileRef = F5423C42254DAF5A002AC915 /* LaunchScreen.storyboard */; };
		F5423C4C254DAFA5002AC915 /* EmojiArtDocument.swift in Sources */ = {isa = PBXBuildFile; fileRef = F5423C4B254DAFA5002AC915 /* EmojiArtDocument.swift */; };
		F5423C4E254DB45F002AC915 /* EmojiArt.swift in Sources */ = {isa = PBXBuildFile; fileRef = F5423C4D254DB45F002AC915 /* EmojiArt.swift */; };
		F5423C50254DBCBC002AC915 /* EmojiArtExtensions.swift in Sources */ = {isa = PBXBuildFile; fileRef = F5423C4F254DBCBC002AC915 /* EmojiArtExtensions.swift */; };
		F5423C52254DE26F002AC915 /* OptionalImage.swift in Sources */ = {isa = PBXBuildFile; fileRef = F5423C51254DE26F002AC915 /* OptionalImage.swift */; };
		F5423C54254DE555002AC915 /* AnimatableSystemFontModifier.swift in Sources */ = {isa = PBXBuildFile; fileRef = F5423C53254DE555002AC915 /* AnimatableSystemFontModifier.swift */; };
/* End PBXBuildFile section */

/* Begin PBXFileReference section */
		F52046282550D6F20008C3F0 /* Spinning.swift */ = {isa = PBXFileReference; lastKnownFileType = sourcecode.swift; path = Spinning.swift; sourceTree = "<group>"; };
		F520462C2552064B0008C3F0 /* PaletteChooser.swift */ = {isa = PBXFileReference; lastKnownFileType = sourcecode.swift; path = PaletteChooser.swift; sourceTree = "<group>"; };
		F52046302552090F0008C3F0 /* EmojiArtDocumentPalette.swift */ = {isa = PBXFileReference; fileEncoding = 4; lastKnownFileType = sourcecode.swift; path = EmojiArtDocumentPalette.swift; sourceTree = "<group>"; };
		F520463325535B140008C3F0 /* Grid.swift */ = {isa = PBXFileReference; fileEncoding = 4; lastKnownFileType = sourcecode.swift; path = Grid.swift; sourceTree = "<group>"; };
		F520463625535B1B0008C3F0 /* GridLayout.swift */ = {isa = PBXFileReference; fileEncoding = 4; lastKnownFileType = sourcecode.swift; path = GridLayout.swift; sourceTree = "<group>"; };
		F5204639255380D20008C3F0 /* EmojiArtDocumentStore.swift */ = {isa = PBXFileReference; fileEncoding = 4; lastKnownFileType = sourcecode.swift; path = EmojiArtDocumentStore.swift; sourceTree = "<group>"; };
		F520463C2554B6530008C3F0 /* EmojiArtDocumentChooser.swift */ = {isa = PBXFileReference; lastKnownFileType = sourcecode.swift; path = EmojiArtDocumentChooser.swift; sourceTree = "<group>"; };
		F5423C34254DAF4D002AC915 /* EmojiArt.app */ = {isa = PBXFileReference; explicitFileType = wrapper.application; includeInIndex = 0; path = EmojiArt.app; sourceTree = BUILT_PRODUCTS_DIR; };
		F5423C37254DAF4D002AC915 /* AppDelegate.swift */ = {isa = PBXFileReference; lastKnownFileType = sourcecode.swift; path = AppDelegate.swift; sourceTree = "<group>"; };
		F5423C39254DAF4D002AC915 /* SceneDelegate.swift */ = {isa = PBXFileReference; lastKnownFileType = sourcecode.swift; path = SceneDelegate.swift; sourceTree = "<group>"; };
		F5423C3B254DAF4D002AC915 /* EmojiArtDocumentView.swift */ = {isa = PBXFileReference; lastKnownFileType = sourcecode.swift; path = EmojiArtDocumentView.swift; sourceTree = "<group>"; };
		F5423C3D254DAF5A002AC915 /* Assets.xcassets */ = {isa = PBXFileReference; lastKnownFileType = folder.assetcatalog; path = Assets.xcassets; sourceTree = "<group>"; };
		F5423C40254DAF5A002AC915 /* Preview Assets.xcassets */ = {isa = PBXFileReference; lastKnownFileType = folder.assetcatalog; path = "Preview Assets.xcassets"; sourceTree = "<group>"; };
		F5423C43254DAF5A002AC915 /* Base */ = {isa = PBXFileReference; lastKnownFileType = file.storyboard; name = Base; path = Base.lproj/LaunchScreen.storyboard; sourceTree = "<group>"; };
		F5423C45254DAF5A002AC915 /* Info.plist */ = {isa = PBXFileReference; lastKnownFileType = text.plist.xml; path = Info.plist; sourceTree = "<group>"; };
		F5423C4B254DAFA5002AC915 /* EmojiArtDocument.swift */ = {isa = PBXFileReference; lastKnownFileType = sourcecode.swift; path = EmojiArtDocument.swift; sourceTree = "<group>"; };
		F5423C4D254DB45F002AC915 /* EmojiArt.swift */ = {isa = PBXFileReference; lastKnownFileType = sourcecode.swift; path = EmojiArt.swift; sourceTree = "<group>"; };
		F5423C4F254DBCBC002AC915 /* EmojiArtExtensions.swift */ = {isa = PBXFileReference; fileEncoding = 4; lastKnownFileType = sourcecode.swift; path = EmojiArtExtensions.swift; sourceTree = "<group>"; };
		F5423C51254DE26F002AC915 /* OptionalImage.swift */ = {isa = PBXFileReference; lastKnownFileType = sourcecode.swift; path = OptionalImage.swift; sourceTree = "<group>"; };
		F5423C53254DE555002AC915 /* AnimatableSystemFontModifier.swift */ = {isa = PBXFileReference; fileEncoding = 4; lastKnownFileType = sourcecode.swift; path = AnimatableSystemFontModifier.swift; sourceTree = "<group>"; };
/* End PBXFileReference section */

/* Begin PBXFrameworksBuildPhase section */
		F5423C31254DAF4D002AC915 /* Frameworks */ = {
			isa = PBXFrameworksBuildPhase;
			buildActionMask = 2147483647;
			files = (
			);
			runOnlyForDeploymentPostprocessing = 0;
		};
/* End PBXFrameworksBuildPhase section */

/* Begin PBXGroup section */
		F5423C2B254DAF4D002AC915 = {
			isa = PBXGroup;
			children = (
				F5423C36254DAF4D002AC915 /* EmojiArt */,
				F5423C35254DAF4D002AC915 /* Products */,
			);
			sourceTree = "<group>";
		};
		F5423C35254DAF4D002AC915 /* Products */ = {
			isa = PBXGroup;
			children = (
				F5423C34254DAF4D002AC915 /* EmojiArt.app */,
			);
			name = Products;
			sourceTree = "<group>";
		};
		F5423C36254DAF4D002AC915 /* EmojiArt */ = {
			isa = PBXGroup;
			children = (
				F520463C2554B6530008C3F0 /* EmojiArtDocumentChooser.swift */,
				F52046282550D6F20008C3F0 /* Spinning.swift */,
				F5423C37254DAF4D002AC915 /* AppDelegate.swift */,
				F5423C39254DAF4D002AC915 /* SceneDelegate.swift */,
				F5423C4F254DBCBC002AC915 /* EmojiArtExtensions.swift */,
				F52046302552090F0008C3F0 /* EmojiArtDocumentPalette.swift */,
				F5204639255380D20008C3F0 /* EmojiArtDocumentStore.swift */,
				F5423C3B254DAF4D002AC915 /* EmojiArtDocumentView.swift */,
				F5423C4B254DAFA5002AC915 /* EmojiArtDocument.swift */,
				F520462C2552064B0008C3F0 /* PaletteChooser.swift */,
				F5423C53254DE555002AC915 /* AnimatableSystemFontModifier.swift */,
				F5423C51254DE26F002AC915 /* OptionalImage.swift */,
				F520463325535B140008C3F0 /* Grid.swift */,
				F520463625535B1B0008C3F0 /* GridLayout.swift */,
				F5423C4D254DB45F002AC915 /* EmojiArt.swift */,
				F5423C3D254DAF5A002AC915 /* Assets.xcassets */,
				F5423C42254DAF5A002AC915 /* LaunchScreen.storyboard */,
				F5423C45254DAF5A002AC915 /* Info.plist */,
				F5423C3F254DAF5A002AC915 /* Preview Content */,
			);
			path = EmojiArt;
			sourceTree = "<group>";
		};
		F5423C3F254DAF5A002AC915 /* Preview Content */ = {
			isa = PBXGroup;
			children = (
				F5423C40254DAF5A002AC915 /* Preview Assets.xcassets */,
			);
			path = "Preview Content";
			sourceTree = "<group>";
		};
/* End PBXGroup section */

/* Begin PBXNativeTarget section */
		F5423C33254DAF4D002AC915 /* EmojiArt */ = {
			isa = PBXNativeTarget;
			buildConfigurationList = F5423C48254DAF5A002AC915 /* Build configuration list for PBXNativeTarget "EmojiArt" */;
			buildPhases = (
				F5423C30254DAF4D002AC915 /* Sources */,
				F5423C31254DAF4D002AC915 /* Frameworks */,
				F5423C32254DAF4D002AC915 /* Resources */,
			);
			buildRules = (
			);
			dependencies = (
			);
			name = EmojiArt;
			productName = EmojiArt;
			productReference = F5423C34254DAF4D002AC915 /* EmojiArt.app */;
			productType = "com.apple.product-type.application";
		};
/* End PBXNativeTarget section */

/* Begin PBXProject section */
		F5423C2C254DAF4D002AC915 /* Project object */ = {
			isa = PBXProject;
			attributes = {
				LastSwiftUpdateCheck = 1160;
				LastUpgradeCheck = 1160;
				ORGANIZATIONNAME = "Winnie Fong";
				TargetAttributes = {
					F5423C33254DAF4D002AC915 = {
						CreatedOnToolsVersion = 11.6;
					};
				};
			};
			buildConfigurationList = F5423C2F254DAF4D002AC915 /* Build configuration list for PBXProject "EmojiArt" */;
			compatibilityVersion = "Xcode 9.3";
			developmentRegion = en;
			hasScannedForEncodings = 0;
			knownRegions = (
				en,
				Base,
			);
			mainGroup = F5423C2B254DAF4D002AC915;
			productRefGroup = F5423C35254DAF4D002AC915 /* Products */;
			projectDirPath = "";
			projectRoot = "";
			targets = (
				F5423C33254DAF4D002AC915 /* EmojiArt */,
			);
		};
/* End PBXProject section */

/* Begin PBXResourcesBuildPhase section */
		F5423C32254DAF4D002AC915 /* Resources */ = {
			isa = PBXResourcesBuildPhase;
			buildActionMask = 2147483647;
			files = (
				F5423C44254DAF5A002AC915 /* LaunchScreen.storyboard in Resources */,
				F5423C41254DAF5A002AC915 /* Preview Assets.xcassets in Resources */,
				F5423C3E254DAF5A002AC915 /* Assets.xcassets in Resources */,
			);
			runOnlyForDeploymentPostprocessing = 0;
		};
/* End PBXResourcesBuildPhase section */

/* Begin PBXSourcesBuildPhase section */
		F5423C30254DAF4D002AC915 /* Sources */ = {
			isa = PBXSourcesBuildPhase;
			buildActionMask = 2147483647;
			files = (
				F52046312552090F0008C3F0 /* EmojiArtDocumentPalette.swift in Sources */,
				F5423C38254DAF4D002AC915 /* AppDelegate.swift in Sources */,
				F5423C3A254DAF4D002AC915 /* SceneDelegate.swift in Sources */,
				F5423C50254DBCBC002AC915 /* EmojiArtExtensions.swift in Sources */,
				F5423C4E254DB45F002AC915 /* EmojiArt.swift in Sources */,
				F5423C3C254DAF4D002AC915 /* EmojiArtDocumentView.swift in Sources */,
				F520463725535B1B0008C3F0 /* GridLayout.swift in Sources */,
				F5423C52254DE26F002AC915 /* OptionalImage.swift in Sources */,
				F52046292550D6F20008C3F0 /* Spinning.swift in Sources */,
				F520463A255380D20008C3F0 /* EmojiArtDocumentStore.swift in Sources */,
				F5423C54254DE555002AC915 /* AnimatableSystemFontModifier.swift in Sources */,
				F520463D2554B6530008C3F0 /* EmojiArtDocumentChooser.swift in Sources */,
				F5423C4C254DAFA5002AC915 /* EmojiArtDocument.swift in Sources */,
				F520462D2552064B0008C3F0 /* PaletteChooser.swift in Sources */,
				F520463425535B140008C3F0 /* Grid.swift in Sources */,
			);
			runOnlyForDeploymentPostprocessing = 0;
		};
/* End PBXSourcesBuildPhase section */

/* Begin PBXVariantGroup section */
		F5423C42254DAF5A002AC915 /* LaunchScreen.storyboard */ = {
			isa = PBXVariantGroup;
			children = (
				F5423C43254DAF5A002AC915 /* Base */,
			);
			name = LaunchScreen.storyboard;
			sourceTree = "<group>";
		};
/* End PBXVariantGroup section */

/* Begin XCBuildConfiguration section */
		F5423C46254DAF5A002AC915 /* Debug */ = {
			isa = XCBuildConfiguration;
			buildSettings = {
				ALWAYS_SEARCH_USER_PATHS = NO;
				CLANG_ANALYZER_NONNULL = YES;
				CLANG_ANALYZER_NUMBER_OBJECT_CONVERSION = YES_AGGRESSIVE;
				CLANG_CXX_LANGUAGE_STANDARD = "gnu++14";
				CLANG_CXX_LIBRARY = "libc++";
				CLANG_ENABLE_MODULES = YES;
				CLANG_ENABLE_OBJC_ARC = YES;
				CLANG_ENABLE_OBJC_WEAK = YES;
				CLANG_WARN_BLOCK_CAPTURE_AUTORELEASING = YES;
				CLANG_WARN_BOOL_CONVERSION = YES;
				CLANG_WARN_COMMA = YES;
				CLANG_WARN_CONSTANT_CONVERSION = YES;
				CLANG_WARN_DEPRECATED_OBJC_IMPLEMENTATIONS = YES;
				CLANG_WARN_DIRECT_OBJC_ISA_USAGE = YES_ERROR;
				CLANG_WARN_DOCUMENTATION_COMMENTS = YES;
				CLANG_WARN_EMPTY_BODY = YES;
				CLANG_WARN_ENUM_CONVERSION = YES;
				CLANG_WARN_INFINITE_RECURSION = YES;
				CLANG_WARN_INT_CONVERSION = YES;
				CLANG_WARN_NON_LITERAL_NULL_CONVERSION = YES;
				CLANG_WARN_OBJC_IMPLICIT_RETAIN_SELF = YES;
				CLANG_WARN_OBJC_LITERAL_CONVERSION = YES;
				CLANG_WARN_OBJC_ROOT_CLASS = YES_ERROR;
				CLANG_WARN_RANGE_LOOP_ANALYSIS = YES;
				CLANG_WARN_STRICT_PROTOTYPES = YES;
				CLANG_WARN_SUSPICIOUS_MOVE = YES;
				CLANG_WARN_UNGUARDED_AVAILABILITY = YES_AGGRESSIVE;
				CLANG_WARN_UNREACHABLE_CODE = YES;
				CLANG_WARN__DUPLICATE_METHOD_MATCH = YES;
				COPY_PHASE_STRIP = NO;
				DEBUG_INFORMATION_FORMAT = dwarf;
				ENABLE_STRICT_OBJC_MSGSEND = YES;
				ENABLE_TESTABILITY = YES;
				GCC_C_LANGUAGE_STANDARD = gnu11;
				GCC_DYNAMIC_NO_PIC = NO;
				GCC_NO_COMMON_BLOCKS = YES;
				GCC_OPTIMIZATION_LEVEL = 0;
				GCC_PREPROCESSOR_DEFINITIONS = (
					"DEBUG=1",
					"$(inherited)",
				);
				GCC_WARN_64_TO_32_BIT_CONVERSION = YES;
				GCC_WARN_ABOUT_RETURN_TYPE = YES_ERROR;
				GCC_WARN_UNDECLARED_SELECTOR = YES;
				GCC_WARN_UNINITIALIZED_AUTOS = YES_AGGRESSIVE;
				GCC_WARN_UNUSED_FUNCTION = YES;
				GCC_WARN_UNUSED_VARIABLE = YES;
				IPHONEOS_DEPLOYMENT_TARGET = 13.6;
				MTL_ENABLE_DEBUG_INFO = INCLUDE_SOURCE;
				MTL_FAST_MATH = YES;
				ONLY_ACTIVE_ARCH = YES;
				SDKROOT = iphoneos;
				SWIFT_ACTIVE_COMPILATION_CONDITIONS = DEBUG;
				SWIFT_OPTIMIZATION_LEVEL = "-Onone";
			};
			name = Debug;
		};
		F5423C47254DAF5A002AC915 /* Release */ = {
			isa = XCBuildConfiguration;
			buildSettings = {
				ALWAYS_SEARCH_USER_PATHS = NO;
				CLANG_ANALYZER_NONNULL = YES;
				CLANG_ANALYZER_NUMBER_OBJECT_CONVERSION = YES_AGGRESSIVE;
				CLANG_CXX_LANGUAGE_STANDARD = "gnu++14";
				CLANG_CXX_LIBRARY = "libc++";
				CLANG_ENABLE_MODULES = YES;
				CLANG_ENABLE_OBJC_ARC = YES;
				CLANG_ENABLE_OBJC_WEAK = YES;
				CLANG_WARN_BLOCK_CAPTURE_AUTORELEASING = YES;
				CLANG_WARN_BOOL_CONVERSION = YES;
				CLANG_WARN_COMMA = YES;
				CLANG_WARN_CONSTANT_CONVERSION = YES;
				CLANG_WARN_DEPRECATED_OBJC_IMPLEMENTATIONS = YES;
				CLANG_WARN_DIRECT_OBJC_ISA_USAGE = YES_ERROR;
				CLANG_WARN_DOCUMENTATION_COMMENTS = YES;
				CLANG_WARN_EMPTY_BODY = YES;
				CLANG_WARN_ENUM_CONVERSION = YES;
				CLANG_WARN_INFINITE_RECURSION = YES;
				CLANG_WARN_INT_CONVERSION = YES;
				CLANG_WARN_NON_LITERAL_NULL_CONVERSION = YES;
				CLANG_WARN_OBJC_IMPLICIT_RETAIN_SELF = YES;
				CLANG_WARN_OBJC_LITERAL_CONVERSION = YES;
				CLANG_WARN_OBJC_ROOT_CLASS = YES_ERROR;
				CLANG_WARN_RANGE_LOOP_ANALYSIS = YES;
				CLANG_WARN_STRICT_PROTOTYPES = YES;
				CLANG_WARN_SUSPICIOUS_MOVE = YES;
				CLANG_WARN_UNGUARDED_AVAILABILITY = YES_AGGRESSIVE;
				CLANG_WARN_UNREACHABLE_CODE = YES;
				CLANG_WARN__DUPLICATE_METHOD_MATCH = YES;
				COPY_PHASE_STRIP = NO;
				DEBUG_INFORMATION_FORMAT = "dwarf-with-dsym";
				ENABLE_NS_ASSERTIONS = NO;
				ENABLE_STRICT_OBJC_MSGSEND = YES;
				GCC_C_LANGUAGE_STANDARD = gnu11;
				GCC_NO_COMMON_BLOCKS = YES;
				GCC_WARN_64_TO_32_BIT_CONVERSION = YES;
				GCC_WARN_ABOUT_RETURN_TYPE = YES_ERROR;
				GCC_WARN_UNDECLARED_SELECTOR = YES;
				GCC_WARN_UNINITIALIZED_AUTOS = YES_AGGRESSIVE;
				GCC_WARN_UNUSED_FUNCTION = YES;
				GCC_WARN_UNUSED_VARIABLE = YES;
				IPHONEOS_DEPLOYMENT_TARGET = 13.6;
				MTL_ENABLE_DEBUG_INFO = NO;
				MTL_FAST_MATH = YES;
				SDKROOT = iphoneos;
				SWIFT_COMPILATION_MODE = wholemodule;
				SWIFT_OPTIMIZATION_LEVEL = "-O";
				VALIDATE_PRODUCT = YES;
			};
			name = Release;
		};
		F5423C49254DAF5A002AC915 /* Debug */ = {
			isa = XCBuildConfiguration;
			buildSettings = {
				ASSETCATALOG_COMPILER_APPICON_NAME = AppIcon;
				CODE_SIGN_STYLE = Automatic;
				DEVELOPMENT_ASSET_PATHS = "\"EmojiArt/Preview Content\"";
				DEVELOPMENT_TEAM = SDHDQVTRF3;
				ENABLE_PREVIEWS = YES;
				INFOPLIST_FILE = EmojiArt/Info.plist;
				LD_RUNPATH_SEARCH_PATHS = (
					"$(inherited)",
					"@executable_path/Frameworks",
				);
				PRODUCT_BUNDLE_IDENTIFIER = fong.winnie.EmojiArt;
				PRODUCT_NAME = "$(TARGET_NAME)";
				SWIFT_VERSION = 5.0;
				TARGETED_DEVICE_FAMILY = "1,2";
			};
			name = Debug;
		};
		F5423C4A254DAF5A002AC915 /* Release */ = {
			isa = XCBuildConfiguration;
			buildSettings = {
				ASSETCATALOG_COMPILER_APPICON_NAME = AppIcon;
				CODE_SIGN_STYLE = Automatic;
				DEVELOPMENT_ASSET_PATHS = "\"EmojiArt/Preview Content\"";
				DEVELOPMENT_TEAM = SDHDQVTRF3;
				ENABLE_PREVIEWS = YES;
				INFOPLIST_FILE = EmojiArt/Info.plist;
				LD_RUNPATH_SEARCH_PATHS = (
					"$(inherited)",
					"@executable_path/Frameworks",
				);
				PRODUCT_BUNDLE_IDENTIFIER = fong.winnie.EmojiArt;
				PRODUCT_NAME = "$(TARGET_NAME)";
				SWIFT_VERSION = 5.0;
				TARGETED_DEVICE_FAMILY = "1,2";
			};
			name = Release;
		};
/* End XCBuildConfiguration section */

/* Begin XCConfigurationList section */
		F5423C2F254DAF4D002AC915 /* Build configuration list for PBXProject "EmojiArt" */ = {
			isa = XCConfigurationList;
			buildConfigurations = (
				F5423C46254DAF5A002AC915 /* Debug */,
				F5423C47254DAF5A002AC915 /* Release */,
			);
			defaultConfigurationIsVisible = 0;
			defaultConfigurationName = Release;
		};
		F5423C48254DAF5A002AC915 /* Build configuration list for PBXNativeTarget "EmojiArt" */ = {
			isa = XCConfigurationList;
			buildConfigurations = (
				F5423C49254DAF5A002AC915 /* Debug */,
				F5423C4A254DAF5A002AC915 /* Release */,
			);
			defaultConfigurationIsVisible = 0;
			defaultConfigurationName = Release;
		};
/* End XCConfigurationList section */
	};
	rootObject = F5423C2C254DAF4D002AC915 /* Project object */;
}
